
Microsoft Visual Studio Solution File, Format Version 12.00
# Visual Studio Version 17
VisualStudioVersion = 17.4.33213.308
MinimumVisualStudioVersion = 10.0.40219.1
Project("{FAE04EC0-301F-11D3-BF4B-00C04F79EFBC}") = "KisiselVlog", "KisiselVlog\KisiselVlog.csproj", "{9E459E7B-B5C4-414F-BDDD-93F012BA8C1B}"
EndProject
Global
	GlobalSection(SolutionConfigurationPlatforms) = preSolution
		Debug|Any CPU = Debug|Any CPU
		Release|Any CPU = Release|Any CPU
	EndGlobalSection
	GlobalSection(ProjectConfigurationPlatforms) = postSolution
		{9E459E7B-B5C4-414F-BDDD-93F012BA8C1B}.Debug|Any CPU.ActiveCfg = Debug|Any CPU
		{9E459E7B-B5C4-414F-BDDD-93F012BA8C1B}.Debug|Any CPU.Build.0 = Debug|Any CPU
		{9E459E7B-B5C4-414F-BDDD-93F012BA8C1B}.Release|Any CPU.ActiveCfg = Release|Any CPU
		{9E459E7B-B5C4-414F-BDDD-93F012BA8C1B}.Release|Any CPU.Build.0 = Release|Any CPU
	EndGlobalSection
	GlobalSection(SolutionProperties) = preSolution
		HideSolutionNode = FALSE
	EndGlobalSection
	GlobalSection(ExtensibilityGlobals) = postSolution
		SolutionGuid = {FAEEDC8A-99EC-4177-9C95-3BA36AF2A5AD}
	EndGlobalSection
EndGlobal
